# This file is autogenerated, do not edit; changes may be undone by the next 'dep ensure'.


[[projects]]
  digest = "1:57d862d83c6c53d8d645827878df9667ac3d1ac7f22717190a698110dfb7aabe"
  name = "code.cloudfoundry.org/clock"
  packages = ["."]
  pruneopts = "UT"
  revision = "02e53af36e6c978af692887ed449b74026d76fec"
  version = "1.0.0"

[[projects]]
  digest = "1:a5f0485ed2aad9b9c6a730815d1f2bc92b0acc126d7ee8e36c1a51882fc284f5"
  name = "github.com/Masterminds/semver"
  packages = ["."]
  pruneopts = "UT"
  revision = "25911d36c978be5eb3e81847734874fd4e1dc6c7"
  version = "v3.0.2"

[[projects]]
  digest = "1:156b9a17f1a961da9ec3e11e31bace3ed8cd69c2e987a3d2fd2e4562ab4cecd1"
  name = "github.com/Microsoft/ApplicationInsights-Go"
  packages = [
    "appinsights",
    "appinsights/contracts",
  ]
  pruneopts = "UT"
  revision = "d2df5d440eda5372f24fcac03839a64d6cb5f7e5"
  version = "v0.4.2"

[[projects]]
  digest = "1:d5e752c67b445baa5b6cb6f8aa706775c2aa8e41aca95a0c651520ff2c80361a"
  name = "github.com/Microsoft/go-winio"
  packages = [
    ".",
    "pkg/guid",
  ]
  pruneopts = "UT"
  revision = "6c72808b55902eae4c5943626030429ff20f3b63"
  version = "v0.4.14"

[[projects]]
  digest = "1:4b95ad148b073d810c1bc49340156f9473251c2c608f98755655e31a98b401de"
  name = "github.com/Microsoft/hcsshim"
  packages = [
    ".",
    "hcn",
    "internal/cni",
    "internal/cow",
    "internal/hcs",
    "internal/hcserror",
    "internal/hns",
    "internal/interop",
    "internal/log",
    "internal/logfields",
    "internal/longpath",
    "internal/mergemaps",
    "internal/oc",
    "internal/regstate",
    "internal/runhcs",
    "internal/safefile",
    "internal/schema1",
    "internal/schema2",
    "internal/timeout",
    "internal/vmcompute",
    "internal/wclayer",
  ]
  pruneopts = "UT"
  revision = "2a08d6fcd23883573a39ba32ab7ed2b197a9a9eb"

[[projects]]
  digest = "1:eb56b03a240f4ae8de520edf525f75d4d26ea41b99f5972b449cbd5ba9f0adf6"
  name = "github.com/containernetworking/cni"
  packages = [
    "libcni",
    "pkg/invoke",
    "pkg/skel",
    "pkg/types",
    "pkg/types/020",
    "pkg/types/current",
    "pkg/version",
  ]
  pruneopts = "UT"
  revision = "fbb95fff8a5239a4295c991efa8a397d43118f7e"

[[projects]]
  digest = "1:ffe9824d294da03b391f44e1ae8281281b4afc1bdaa9588c9097785e3af10cec"
  name = "github.com/davecgh/go-spew"
  packages = ["spew"]
  pruneopts = "UT"
  revision = "8991bc29aa16c548c550c7ff78260e27b9ab7c73"
  version = "v1.1.1"

[[projects]]
  digest = "1:190198fd3c956b1383a31273d6b7e76cb926e9b68f7eaf1f6b9e487b50113d6e"
  name = "github.com/docker/libnetwork"
  packages = [
    "driverapi",
    "drivers/remote/api",
    "types",
  ]
  pruneopts = "UT"
  revision = "1ee720e18fe98dceda6039bdd005ffbcb359d343"
  version = "v0.5.6"

[[projects]]
  digest = "1:582e25eccee928dc12416ea4c23b6dae8f3b5687730632aa1473ebebe80a2359"
  name = "github.com/gogo/protobuf"
  packages = [
    "proto",
    "sortkeys",
  ]
  pruneopts = "UT"
  revision = "5628607bb4c51c3157aacc3a50f0ab707582b805"
  version = "v1.3.1"

[[projects]]
  branch = "master"
  digest = "1:b7cb6054d3dff43b38ad2e92492f220f57ae6087ee797dca298139776749ace8"
  name = "github.com/golang/groupcache"
  packages = ["lru"]
  pruneopts = "UT"
  revision = "611e8accdfc92c4187d399e95ce826046d4c8d73"

[[projects]]
  digest = "1:f5ce1529abc1204444ec73779f44f94e2fa8fcdb7aca3c355b0c95947e4005c6"
  name = "github.com/golang/protobuf"
  packages = [
    "proto",
    "ptypes",
    "ptypes/any",
    "ptypes/duration",
    "ptypes/timestamp",
  ]
  pruneopts = "UT"
  revision = "6c65a5562fc06764971b7c5d05c76c75e84bdbf7"
  version = "v1.3.2"

[[projects]]
  digest = "1:0bfbe13936953a98ae3cfe8ed6670d396ad81edf069a806d2f6515d7bb6950df"
  name = "github.com/google/btree"
  packages = ["."]
  pruneopts = "UT"
  revision = "4030bb1f1f0c35b30ca7009e9ebd06849dd45306"
  version = "v1.0.0"

[[projects]]
  digest = "1:a6181aca1fd5e27103f9a920876f29ac72854df7345a39f3b01e61c8c94cc8af"
  name = "github.com/google/gofuzz"
  packages = ["."]
  pruneopts = "UT"
  revision = "f140a6486e521aad38f5917de355cbf147cc0496"
  version = "v1.0.0"

[[projects]]
  digest = "1:582b704bebaa06b48c29b0cec224a6058a09c86883aaddabde889cd1a5f73e1b"
  name = "github.com/google/uuid"
  packages = ["."]
  pruneopts = "UT"
  revision = "0cd6bf5da1e1c83f8b45653022c74f71af0538a4"
  version = "v1.1.1"

[[projects]]
  digest = "1:ca4524b4855ded427c7003ec903a5c854f37e7b1e8e2a93277243462c5b753a8"
  name = "github.com/googleapis/gnostic"
  packages = [
    "OpenAPIv2",
    "compiler",
    "extensions",
  ]
  pruneopts = "UT"
  revision = "ab0dd09aa10e2952b28e12ecd35681b20463ebab"
  version = "v0.3.1"

[[projects]]
  branch = "master"
  digest = "1:5fc0e23b254a1bd7d8d2d42fa093ba33471d08f52fe04afd3713adabb5888dc3"
  name = "github.com/gregjones/httpcache"
  packages = [
    ".",
    "diskcache",
  ]
  pruneopts = "UT"
  revision = "901d90724c7919163f472a9812253fb26761123d"

[[projects]]
  digest = "1:c77361e611524ec8f2ad37c408c3c916111a70b6acf806a1200855696bf8fa4d"
  name = "github.com/hashicorp/golang-lru"
  packages = [
    ".",
    "simplelru",
  ]
  pruneopts = "UT"
  revision = "7f827b33c0f158ec5dfbba01bb0b14a4541fd81d"
  version = "v0.5.3"

[[projects]]
  digest = "1:beb5b4f42a25056f0aa291b5eadd21e2f2903a05d15dfe7caf7eaee7e12fa972"
  name = "github.com/json-iterator/go"
  packages = ["."]
  pruneopts = "UT"
  revision = "03217c3e97663914aec3faafde50d081f197a0a2"
  version = "v1.1.8"

[[projects]]
  digest = "1:31e761d97c76151dde79e9d28964a812c46efc5baee4085b86f68f0c654450de"
  name = "github.com/konsorten/go-windows-terminal-sequences"
  packages = ["."]
  pruneopts = "UT"
  revision = "f55edac94c9bbba5d6182a4be46d86a2c9b5b50e"
  version = "v1.0.2"

[[projects]]
  digest = "1:33422d238f147d247752996a26574ac48dcf472976eda7f5134015f06bf16563"
  name = "github.com/modern-go/concurrent"
  packages = ["."]
  pruneopts = "UT"
  revision = "bacd9c7ef1dd9b15be4a9909b8ac7a4e313eec94"
  version = "1.0.3"

[[projects]]
  digest = "1:e32bdbdb7c377a07a9a46378290059822efdce5c8d96fe71940d87cb4f918855"
  name = "github.com/modern-go/reflect2"
  packages = ["."]
  pruneopts = "UT"
  revision = "4b7aa43c6742a2c18fdef89dd197aaae7dac7ccd"
  version = "1.0.1"

[[projects]]
  branch = "master"
  digest = "1:89da0f0574bc94cfd0ac8b59af67bf76cdd110d503df2721006b9f0492394333"
  name = "github.com/petar/GoLLRB"
  packages = ["llrb"]
  pruneopts = "UT"
  revision = "33fb24c13b99c46c93183c291836c573ac382536"

[[projects]]
  digest = "1:a8c2725121694dfbf6d552fb86fe6b46e3e7135ea05db580c28695b916162aad"
  name = "github.com/peterbourgon/diskv"
  packages = ["."]
  pruneopts = "UT"
  revision = "0be1b92a6df0e4f5cb0a5d15fb7f643d0ad93ce6"
  version = "v3.0.0"

[[projects]]
  digest = "1:274f67cb6fed9588ea2521ecdac05a6d62a8c51c074c1fccc6a49a40ba80e925"
  name = "github.com/satori/go.uuid"
  packages = ["."]
  pruneopts = "UT"
  revision = "f58768cc1a7a7e77a3bd49e98cdd21419399b6a3"
  version = "v1.2.0"

[[projects]]
  digest = "1:04457f9f6f3ffc5fea48e71d62f2ca256637dee0a04d710288e27e05c8b41976"
  name = "github.com/sirupsen/logrus"
  packages = ["."]
  pruneopts = "UT"
  revision = "839c75faf7f98a33d445d181f3018b5c3409a45e"
  version = "v1.4.2"

[[projects]]
  digest = "1:aed53a5fa03c1270457e331cf8b7e210e3088a2278fec552c5c5d29c1664e161"
  name = "go.opencensus.io"
  packages = [
    ".",
    "internal",
    "trace",
    "trace/internal",
    "trace/tracestate",
  ]
  pruneopts = "UT"
  revision = "aad2c527c5defcf89b5afab7f37274304195a6b2"
  version = "v0.22.2"

[[projects]]
  branch = "master"
  digest = "1:bbe51412d9915d64ffaa96b51d409e070665efc5194fcf145c4a27d4133107a4"
  name = "golang.org/x/crypto"
  packages = ["ssh/terminal"]
  pruneopts = "UT"
  revision = "e1110fd1c708ef015366ea01799a23c459593c47"

[[projects]]
  branch = "master"
  digest = "1:572817a5e74219a011a0baa07279ae8369c289f850f920db9c2f0f0c35382768"
  name = "golang.org/x/net"
  packages = [
    "context",
    "context/ctxhttp",
    "http/httpguts",
    "http2",
    "http2/hpack",
    "idna",
  ]
  pruneopts = "UT"
  revision = "2180aed2234323691e9fd264fb1d32d20ff04b27"

[[projects]]
  branch = "master"
  digest = "1:8d1c112fb1679fa097e9a9255a786ee47383fa2549a3da71bcb1334a693ebcfe"
  name = "golang.org/x/oauth2"
  packages = [
    ".",
    "internal",
  ]
  pruneopts = "UT"
  revision = "0f29369cfe4552d0e4bcddc57cc75f4d7e672a33"

[[projects]]
  branch = "master"
  digest = "1:0f041efe2dc85b68b1bb36ab413b0560cdeb4a2610e8258d075b69094fd20054"
  name = "golang.org/x/sys"
  packages = [
    "unix",
    "windows",
    "windows/registry",
  ]
  pruneopts = "UT"
  revision = "4c7a9d0fe056d9d1de37e1409ca8a5c17accb46a"

[[projects]]
  digest = "1:8d8faad6b12a3a4c819a3f9618cb6ee1fa1cfc33253abeeea8b55336721e3405"
  name = "golang.org/x/text"
  packages = [
    "collate",
    "collate/build",
    "internal/colltab",
    "internal/gen",
    "internal/language",
    "internal/language/compact",
    "internal/tag",
    "internal/triegen",
    "internal/ucd",
    "language",
    "secure/bidirule",
    "transform",
    "unicode/bidi",
    "unicode/cldr",
    "unicode/norm",
    "unicode/rangetable",
  ]
  pruneopts = "UT"
  revision = "342b2e1fbaa52c93f31447ad2c6abc048c63e475"
  version = "v0.3.2"

[[projects]]
  branch = "master"
  digest = "1:a2f668c709f9078828e99cb1768cb02e876cb81030545046a32b54b2ac2a9ea8"
  name = "golang.org/x/time"
  packages = ["rate"]
  pruneopts = "UT"
  revision = "555d28b269f0569763d25dbe1a237ae74c6bcc82"

[[projects]]
  digest = "1:e0a1881f9e0564bebdeac98c75e59f07acdde6ed3a5396e0e613eaad31194866"
  name = "google.golang.org/appengine"
  packages = [
    "internal",
    "internal/base",
    "internal/datastore",
    "internal/log",
    "internal/remote_api",
    "internal/urlfetch",
    "urlfetch",
  ]
  pruneopts = "UT"
  revision = "971852bfffca25b069c31162ae8f247a3dba083b"
  version = "v1.6.5"

[[projects]]
  digest = "1:2d1fbdc6777e5408cabeb02bf336305e724b925ff4546ded0fa8715a7267922a"
  name = "gopkg.in/inf.v0"
  packages = ["."]
  pruneopts = "UT"
  revision = "d2d2541c53f18d2a059457998ce2876cc8e67cbf"
  version = "v0.9.1"

[[projects]]
  digest = "1:f26a5d382387e03a40d1471dddfba85dfff9bf05352d7e42d37612677c4d3c5c"
  name = "gopkg.in/yaml.v2"
  packages = ["."]
  pruneopts = "UT"
  revision = "f90ceb4f409096b60e2e9076b38b304b8246e5fa"
  version = "v2.2.5"

[[projects]]
  digest = "1:6cec2c64c7569cd43b9fa5f8973f3a82919ebed36296d19312de057e59651b05"
  name = "k8s.io/api"
  packages = [
    "admissionregistration/v1alpha1",
    "admissionregistration/v1beta1",
    "apps/v1",
    "apps/v1beta1",
    "apps/v1beta2",
    "auditregistration/v1alpha1",
    "authentication/v1",
    "authentication/v1beta1",
    "authorization/v1",
    "authorization/v1beta1",
    "autoscaling/v1",
    "autoscaling/v2beta1",
    "autoscaling/v2beta2",
    "batch/v1",
    "batch/v1beta1",
    "batch/v2alpha1",
    "certificates/v1beta1",
    "coordination/v1beta1",
    "core/v1",
    "events/v1beta1",
    "extensions/v1beta1",
    "networking/v1",
    "policy/v1beta1",
    "rbac/v1",
    "rbac/v1alpha1",
    "rbac/v1beta1",
    "scheduling/v1alpha1",
    "scheduling/v1beta1",
    "settings/v1alpha1",
    "storage/v1",
    "storage/v1alpha1",
    "storage/v1beta1",
  ]
  pruneopts = "UT"
  revision = "5cb15d34447165a97c76ed5a60e4e99c8a01ecfe"
  version = "kubernetes-1.13.6"

[[projects]]
  digest = "1:4003aa5b6ca0bd01a0dfd368a141f8db82ab71bbe0d55164b92ab5c251832ffb"
  name = "k8s.io/apimachinery"
  packages = [
    "pkg/api/errors",
    "pkg/api/meta",
    "pkg/api/resource",
    "pkg/apis/meta/internalversion",
    "pkg/apis/meta/v1",
    "pkg/apis/meta/v1/unstructured",
    "pkg/apis/meta/v1beta1",
    "pkg/conversion",
    "pkg/conversion/queryparams",
    "pkg/fields",
    "pkg/labels",
    "pkg/runtime",
    "pkg/runtime/schema",
    "pkg/runtime/serializer",
    "pkg/runtime/serializer/json",
    "pkg/runtime/serializer/protobuf",
    "pkg/runtime/serializer/recognizer",
    "pkg/runtime/serializer/streaming",
    "pkg/runtime/serializer/versioning",
    "pkg/selection",
    "pkg/types",
    "pkg/util/cache",
    "pkg/util/clock",
    "pkg/util/diff",
    "pkg/util/errors",
    "pkg/util/framer",
    "pkg/util/intstr",
    "pkg/util/json",
    "pkg/util/naming",
    "pkg/util/net",
    "pkg/util/runtime",
    "pkg/util/sets",
    "pkg/util/validation",
    "pkg/util/validation/field",
    "pkg/util/wait",
    "pkg/util/yaml",
    "pkg/version",
    "pkg/watch",
    "third_party/forked/golang/reflect",
  ]
  pruneopts = "UT"
  revision = "kubernetes-1.13.6"

[[projects]]
  digest = "1:d9cb85ce2b0a93482ac1ab864ebffe5d7db9e79b4d8b396b80f0d7a9c10a51c6"
  name = "k8s.io/client-go"
  packages = [
    "discovery",
    "informers",
    "informers/admissionregistration",
    "informers/admissionregistration/v1alpha1",
    "informers/admissionregistration/v1beta1",
    "informers/apps",
    "informers/apps/v1",
    "informers/apps/v1beta1",
    "informers/apps/v1beta2",
    "informers/auditregistration",
    "informers/auditregistration/v1alpha1",
    "informers/autoscaling",
    "informers/autoscaling/v1",
    "informers/autoscaling/v2beta1",
    "informers/autoscaling/v2beta2",
    "informers/batch",
    "informers/batch/v1",
    "informers/batch/v1beta1",
    "informers/batch/v2alpha1",
    "informers/certificates",
    "informers/certificates/v1beta1",
    "informers/coordination",
    "informers/coordination/v1beta1",
    "informers/core",
    "informers/core/v1",
    "informers/events",
    "informers/events/v1beta1",
    "informers/extensions",
    "informers/extensions/v1beta1",
    "informers/internalinterfaces",
    "informers/networking",
    "informers/networking/v1",
    "informers/policy",
    "informers/policy/v1beta1",
    "informers/rbac",
    "informers/rbac/v1",
    "informers/rbac/v1alpha1",
    "informers/rbac/v1beta1",
    "informers/scheduling",
    "informers/scheduling/v1alpha1",
    "informers/scheduling/v1beta1",
    "informers/settings",
    "informers/settings/v1alpha1",
    "informers/storage",
    "informers/storage/v1",
    "informers/storage/v1alpha1",
    "informers/storage/v1beta1",
    "kubernetes",
    "kubernetes/scheme",
    "kubernetes/typed/admissionregistration/v1alpha1",
    "kubernetes/typed/admissionregistration/v1beta1",
    "kubernetes/typed/apps/v1",
    "kubernetes/typed/apps/v1beta1",
    "kubernetes/typed/apps/v1beta2",
    "kubernetes/typed/auditregistration/v1alpha1",
    "kubernetes/typed/authentication/v1",
    "kubernetes/typed/authentication/v1beta1",
    "kubernetes/typed/authorization/v1",
    "kubernetes/typed/authorization/v1beta1",
    "kubernetes/typed/autoscaling/v1",
    "kubernetes/typed/autoscaling/v2beta1",
    "kubernetes/typed/autoscaling/v2beta2",
    "kubernetes/typed/batch/v1",
    "kubernetes/typed/batch/v1beta1",
    "kubernetes/typed/batch/v2alpha1",
    "kubernetes/typed/certificates/v1beta1",
    "kubernetes/typed/coordination/v1beta1",
    "kubernetes/typed/core/v1",
    "kubernetes/typed/events/v1beta1",
    "kubernetes/typed/extensions/v1beta1",
    "kubernetes/typed/networking/v1",
    "kubernetes/typed/policy/v1beta1",
    "kubernetes/typed/rbac/v1",
    "kubernetes/typed/rbac/v1alpha1",
    "kubernetes/typed/rbac/v1beta1",
    "kubernetes/typed/scheduling/v1alpha1",
    "kubernetes/typed/scheduling/v1beta1",
    "kubernetes/typed/settings/v1alpha1",
    "kubernetes/typed/storage/v1",
    "kubernetes/typed/storage/v1alpha1",
    "kubernetes/typed/storage/v1beta1",
    "listers/admissionregistration/v1alpha1",
    "listers/admissionregistration/v1beta1",
    "listers/apps/v1",
    "listers/apps/v1beta1",
    "listers/apps/v1beta2",
    "listers/auditregistration/v1alpha1",
    "listers/autoscaling/v1",
    "listers/autoscaling/v2beta1",
    "listers/autoscaling/v2beta2",
    "listers/batch/v1",
    "listers/batch/v1beta1",
    "listers/batch/v2alpha1",
    "listers/certificates/v1beta1",
    "listers/coordination/v1beta1",
    "listers/core/v1",
    "listers/events/v1beta1",
    "listers/extensions/v1beta1",
    "listers/networking/v1",
    "listers/policy/v1beta1",
    "listers/rbac/v1",
    "listers/rbac/v1alpha1",
    "listers/rbac/v1beta1",
    "listers/scheduling/v1alpha1",
    "listers/scheduling/v1beta1",
    "listers/settings/v1alpha1",
    "listers/storage/v1",
    "listers/storage/v1alpha1",
    "listers/storage/v1beta1",
    "pkg/apis/clientauthentication",
    "pkg/apis/clientauthentication/v1alpha1",
    "pkg/apis/clientauthentication/v1beta1",
    "pkg/version",
    "plugin/pkg/client/auth/exec",
    "rest",
    "rest/watch",
    "tools/cache",
    "tools/clientcmd/api",
    "tools/metrics",
    "tools/pager",
    "tools/reference",
    "transport",
    "util/buffer",
    "util/cert",
    "util/connrotation",
    "util/flowcontrol",
    "util/integer",
    "util/retry",
  ]
  pruneopts = "UT"
  revision = "65905f29c17c1f14e6485158af1072d74ddb4e9d"
  version = "kubernetes-1.13.6"

[[projects]]
  digest = "1:93e82f25d75aba18436ad1ac042cb49493f096011f2541075721ed6f9e05c044"
  name = "k8s.io/klog"
  packages = ["."]
  pruneopts = "UT"
  revision = "2ca9ad30301bf30a8a6e0fa2110db6b8df699a91"
  version = "v1.0.0"

[[projects]]
  digest = "1:7719608fe0b52a4ece56c2dde37bedd95b938677d1ab0f84b8a7852e4c59f849"
  name = "sigs.k8s.io/yaml"
  packages = ["."]
  pruneopts = "UT"
  revision = "fd68e9863619f6ec2fdd8625fe1f02e7c877e480"
  version = "v1.1.0"

[solve-meta]
  analyzer-name = "dep"
  analyzer-version = 1
  input-imports = [
    "github.com/Masterminds/semver",
    "github.com/Microsoft/ApplicationInsights-Go/appinsights",
    "github.com/Microsoft/go-winio",
    "github.com/Microsoft/hcsshim",
    "github.com/Microsoft/hcsshim/hcn",
    "github.com/containernetworking/cni/libcni",
    "github.com/containernetworking/cni/pkg/invoke",
    "github.com/containernetworking/cni/pkg/skel",
    "github.com/containernetworking/cni/pkg/types",
    "github.com/containernetworking/cni/pkg/types/current",
    "github.com/containernetworking/cni/pkg/version",
    "github.com/docker/libnetwork/driverapi",
    "github.com/docker/libnetwork/drivers/remote/api",
    "github.com/google/uuid",
    "golang.org/x/sys/unix",
    "golang.org/x/sys/windows/registry",
    "k8s.io/api/core/v1",
    "k8s.io/api/networking/v1",
    "k8s.io/apimachinery/pkg/apis/meta/v1",
    "k8s.io/apimachinery/pkg/types",
    "k8s.io/apimachinery/pkg/util/intstr",
    "k8s.io/apimachinery/pkg/util/wait",
    "k8s.io/apimachinery/pkg/version",
    "k8s.io/client-go/informers",
    "k8s.io/client-go/informers/core/v1",
    "k8s.io/client-go/informers/networking/v1",
    "k8s.io/client-go/kubernetes",
    "k8s.io/client-go/rest",
    "k8s.io/client-go/tools/cache",
  ]
  solver-name = "gps-cdcl"
  solver-version = 1
